
Microsoft Visual Studio Solution File, Format Version 12.00
# Visual Studio Version 16
VisualStudioVersion = 16.0.30114.105
MinimumVisualStudioVersion = 10.0.40219.1
Project("{2150E333-8FDC-42A3-9474-1A3956D46DE8}") = "SqlServer", "SqlServer", "{5DDA7CD4-B6ED-4AA8-A5F4-DD64C1154E86}"
EndProject
Project("{2150E333-8FDC-42A3-9474-1A3956D46DE8}") = "Samples", "Samples", "{BE943138-D5D9-46D6-9B7C-76C73A552274}"
EndProject
Project("{FAE04EC0-301F-11D3-BF4B-00C04F79EFBC}") = "Sample.ConsoleApp", "Samples\Sample.ConsoleApp\Sample.ConsoleApp.csproj", "{0B3EAFB3-3C0F-441B-809F-2659BD6B7E72}"
EndProject
Project("{FAE04EC0-301F-11D3-BF4B-00C04F79EFBC}") = "Sample.WebApi", "Samples\Sample.WebApi\Sample.WebApi.csproj", "{C5038D3E-CEC7-462A-AAA0-05A5E3282E8A}"
EndProject
Project("{FAE04EC0-301F-11D3-BF4B-00C04F79EFBC}") = "Sample.Pod", "Samples\Sample.Pod\Sample.Pod.csproj", "{C0C1F320-A807-424E-B18D-72E0EC911524}"
EndProject
Project("{2150E333-8FDC-42A3-9474-1A3956D46DE8}") = "PostgreSQL", "PostgreSQL", "{2BD83045-B484-46F5-AA53-D2CE4A323035}"
EndProject
Project("{FAE04EC0-301F-11D3-BF4B-00C04F79EFBC}") = "Cleipnir.ResilientFunctions.PostgreSQL", "Stores\PostgreSQL\Cleipnir.ResilientFunctions.PostgreSQL\Cleipnir.ResilientFunctions.PostgreSQL.csproj", "{7B4F9BFC-B550-40B8-9B07-E15B8BE40CE8}"
EndProject
Project("{FAE04EC0-301F-11D3-BF4B-00C04F79EFBC}") = "Cleipnir.ResilientFunctions.PostgreSQL.StressTest", "Stores\PostgreSQL\Cleipnir.ResilientFunctions.PostgreSQL.StressTest\Cleipnir.ResilientFunctions.PostgreSQL.StressTest.csproj", "{F43BAC19-FDDF-4696-9456-11C581C18BB8}"
EndProject
Project("{FAE04EC0-301F-11D3-BF4B-00C04F79EFBC}") = "Cleipnir.ResilientFunctions.PostgreSQL.Tests", "Stores\PostgreSQL\Cleipnir.ResilientFunctions.PostgreSQL.Tests\Cleipnir.ResilientFunctions.PostgreSQL.Tests.csproj", "{162727A1-E733-44B0-944E-DAC1C0CE3B44}"
EndProject
Project("{FAE04EC0-301F-11D3-BF4B-00C04F79EFBC}") = "Cleipnir.ResilientFunctions.SqlServer", "Stores\SqlServer\Cleipnir.ResilientFunctions.SqlServer\Cleipnir.ResilientFunctions.SqlServer.csproj", "{E23EEDB9-ED1F-434E-AC06-4D6A01F82742}"
EndProject
Project("{FAE04EC0-301F-11D3-BF4B-00C04F79EFBC}") = "Cleipnir.ResilientFunctions.SqlServer.StressTest", "Stores\SqlServer\Cleipnir.ResilientFunctions.SqlServer.StressTest\Cleipnir.ResilientFunctions.SqlServer.StressTest.csproj", "{F5736627-F607-4A3A-8914-E0CFEC73C851}"
EndProject
Project("{FAE04EC0-301F-11D3-BF4B-00C04F79EFBC}") = "Cleipnir.ResilientFunctions.SqlServer.Tests", "Stores\SqlServer\Cleipnir.ResilientFunctions.SqlServer.Tests\Cleipnir.ResilientFunctions.SqlServer.Tests.csproj", "{42E48488-6E2B-4D8E-85C9-4A2993AB68B2}"
EndProject
Project("{FAE04EC0-301F-11D3-BF4B-00C04F79EFBC}") = "Cleipnir.ResilientFunctions", "Core\Cleipnir.ResilientFunctions\Cleipnir.ResilientFunctions.csproj", "{9A71D8FC-EC16-4E56-AD4C-D78BA1C22C83}"
EndProject
Project("{FAE04EC0-301F-11D3-BF4B-00C04F79EFBC}") = "Cleipnir.ResilientFunctions.AspNetCore", "Core\Cleipnir.ResilientFunctions.AspNetCore\Cleipnir.ResilientFunctions.AspNetCore.csproj", "{306BCD16-00E0-46CA-B5CC-64AAC33CC810}"
EndProject
Project("{FAE04EC0-301F-11D3-BF4B-00C04F79EFBC}") = "Cleipnir.ResilientFunctions.Tests", "Core\Cleipnir.ResilientFunctions.Tests\Cleipnir.ResilientFunctions.Tests.csproj", "{36E75AAA-C2EB-4209-8455-A51676D16B76}"
EndProject
Project("{2150E333-8FDC-42A3-9474-1A3956D46DE8}") = "MySQL", "MySQL", "{24D9300F-D93E-47FF-8644-BF5D6B289C0D}"
EndProject
Project("{FAE04EC0-301F-11D3-BF4B-00C04F79EFBC}") = "Cleipnir.ResilientFunctions.MySQL", "Stores\MySQL\Cleipnir.ResilientFunctions.MySQL\Cleipnir.ResilientFunctions.MySQL.csproj", "{1679CE08-4075-48F1-B837-22017CF5B2E4}"
EndProject
Project("{FAE04EC0-301F-11D3-BF4B-00C04F79EFBC}") = "Cleipnir.ResilientFunctions.MySQL.Tests", "Stores\MySQL\Cleipnir.ResilientFunctions.MySQL.Tests\Cleipnir.ResilientFunctions.MySQL.Tests.csproj", "{1E2CE2C1-FEC8-4554-9818-9D8EF0A785BA}"
EndProject
Project("{FAE04EC0-301F-11D3-BF4B-00C04F79EFBC}") = "Cleipnir.ResilientFunctions.MySQL.StressTest", "Stores\MySQL\Cleipnir.ResilientFunctions.MySQL.StressTest\Cleipnir.ResilientFunctions.MySQL.StressTest.csproj", "{95B7775E-095A-43A4-A7F2-9FBB376D3030}"
EndProject
Project("{2150E333-8FDC-42A3-9474-1A3956D46DE8}") = "Stores", "Stores", "{F74BC95E-DDE2-44D1-A2B4-CE8FC2FB31EA}"
EndProject
Project("{2150E333-8FDC-42A3-9474-1A3956D46DE8}") = "MongoDB", "MongoDB", "{3F42CC46-A1B7-4D08-A7CD-DE5398C7CA75}"
EndProject
Project("{FAE04EC0-301F-11D3-BF4B-00C04F79EFBC}") = "Cleipnir.ResilientFunctions.MongoDB", "Stores\MongoDB\Cleipnir.ResilientFunctions.MongoDB\Cleipnir.ResilientFunctions.MongoDB.csproj", "{D93F767E-3036-4C2B-AF3E-FECFA44EF38B}"
EndProject
Project("{FAE04EC0-301F-11D3-BF4B-00C04F79EFBC}") = "Cleipnir.ResilientFunctions.MongoDB.Tests", "Stores\MongoDB\Cleipnir.ResilientFunctions.MongoDB.Tests\Cleipnir.ResilientFunctions.MongoDB.Tests.csproj", "{30698C11-23FE-479A-95EC-5C975816E37D}"
EndProject
Project("{FAE04EC0-301F-11D3-BF4B-00C04F79EFBC}") = "Cleipnir.ResilientFunctions.MongoDB.StressTest", "Stores\MongoDB\Cleipnir.ResilientFunctions.MongoDB.StressTest\Cleipnir.ResilientFunctions.MongoDB.StressTest.csproj", "{62AEED9C-5054-4503-9013-A7987177306C}"
EndProject
Project("{2150E333-8FDC-42A3-9474-1A3956D46DE8}") = "Messaging", "Messaging", "{47BE2A44-16FB-4A12-809B-04DA1C1038A0}"
EndProject
Project("{2150E333-8FDC-42A3-9474-1A3956D46DE8}") = "PostgreSQL", "PostgreSQL", "{C3D76B32-D7AF-44B7-B52B-FE2E4DD93838}"
EndProject
Project("{2150E333-8FDC-42A3-9474-1A3956D46DE8}") = "Core", "Core", "{2813C800-F0B3-494A-9F03-4DEEED1D0CFF}"
EndProject
Project("{FAE04EC0-301F-11D3-BF4B-00C04F79EFBC}") = "Cleipnir.ResilientFunctions.Messaging.Core", "Messaging\Core\Cleipnir.ResilientFunctions.Messaging.Core\Cleipnir.ResilientFunctions.Messaging.Core.csproj", "{4E8790AD-4372-4286-9E99-23A33F70A4E1}"
EndProject
Project("{2150E333-8FDC-42A3-9474-1A3956D46DE8}") = "Samples", "Samples", "{891F69A8-DDE8-4B3E-ADCD-A78D1F7B6C77}"
EndProject
Project("{FAE04EC0-301F-11D3-BF4B-00C04F79EFBC}") = "Messaging.Sample.ConsoleApp", "Messaging\Samples\Messaging.Sample.ConsoleApp\Messaging.Sample.ConsoleApp.csproj", "{6FEC4901-298B-429C-B392-CB367EE6EA71}"
EndProject
Project("{2150E333-8FDC-42A3-9474-1A3956D46DE8}") = "Stores", "Stores", "{4BACEB2B-F318-49F7-9AED-55CEA77D00A8}"
EndProject
Project("{FAE04EC0-301F-11D3-BF4B-00C04F79EFBC}") = "Cleipnir.ResilientFunctions.Messaging.PostgreSQL", "Messaging\Stores\PostgreSQL\Cleipnir.ResilientFunctions.Messaging.PostgreSQL\Cleipnir.ResilientFunctions.Messaging.PostgreSQL.csproj", "{221E3935-8A76-471D-B451-5E1BF6488BB3}"
EndProject
Project("{FAE04EC0-301F-11D3-BF4B-00C04F79EFBC}") = "Cleipnir.ResilientFunctions.Messaging.PostgreSQL.Tests", "Messaging\Stores\PostgreSQL\Cleipnir.ResilientFunctions.Messaging.PostgreSQL.Tests\Cleipnir.ResilientFunctions.Messaging.PostgreSQL.Tests.csproj", "{0130FE04-4E9A-467C-AD05-3A6317A06B6F}"
EndProject
Project("{2150E333-8FDC-42A3-9474-1A3956D46DE8}") = "StressTests", "StressTests", "{6910D3E3-4F4C-44D4-B09A-BBADDDAF47A0}"
EndProject
Project("{FAE04EC0-301F-11D3-BF4B-00C04F79EFBC}") = "Cleipnir.ResilientFunctions.StressTests.Common", "Stores\StressTests\Common\Cleipnir.ResilientFunctions.StressTests.Common.csproj", "{640D8843-9389-4422-9DC0-48A1E9D7C943}"
EndProject
Global
	GlobalSection(SolutionConfigurationPlatforms) = preSolution
		Debug|Any CPU = Debug|Any CPU
		Debug|x64 = Debug|x64
		Debug|x86 = Debug|x86
		Release|Any CPU = Release|Any CPU
		Release|x64 = Release|x64
		Release|x86 = Release|x86
	EndGlobalSection
	GlobalSection(SolutionProperties) = preSolution
		HideSolutionNode = FALSE
	EndGlobalSection
	GlobalSection(ProjectConfigurationPlatforms) = postSolution
		{0B3EAFB3-3C0F-441B-809F-2659BD6B7E72}.Debug|Any CPU.ActiveCfg = Debug|Any CPU
		{0B3EAFB3-3C0F-441B-809F-2659BD6B7E72}.Debug|Any CPU.Build.0 = Debug|Any CPU
		{0B3EAFB3-3C0F-441B-809F-2659BD6B7E72}.Debug|x64.ActiveCfg = Debug|Any CPU
		{0B3EAFB3-3C0F-441B-809F-2659BD6B7E72}.Debug|x64.Build.0 = Debug|Any CPU
		{0B3EAFB3-3C0F-441B-809F-2659BD6B7E72}.Debug|x86.ActiveCfg = Debug|Any CPU
		{0B3EAFB3-3C0F-441B-809F-2659BD6B7E72}.Debug|x86.Build.0 = Debug|Any CPU
		{0B3EAFB3-3C0F-441B-809F-2659BD6B7E72}.Release|Any CPU.ActiveCfg = Release|Any CPU
		{0B3EAFB3-3C0F-441B-809F-2659BD6B7E72}.Release|Any CPU.Build.0 = Release|Any CPU
		{0B3EAFB3-3C0F-441B-809F-2659BD6B7E72}.Release|x64.ActiveCfg = Release|Any CPU
		{0B3EAFB3-3C0F-441B-809F-2659BD6B7E72}.Release|x64.Build.0 = Release|Any CPU
		{0B3EAFB3-3C0F-441B-809F-2659BD6B7E72}.Release|x86.ActiveCfg = Release|Any CPU
		{0B3EAFB3-3C0F-441B-809F-2659BD6B7E72}.Release|x86.Build.0 = Release|Any CPU
		{C5038D3E-CEC7-462A-AAA0-05A5E3282E8A}.Debug|Any CPU.ActiveCfg = Debug|Any CPU
		{C5038D3E-CEC7-462A-AAA0-05A5E3282E8A}.Debug|Any CPU.Build.0 = Debug|Any CPU
		{C5038D3E-CEC7-462A-AAA0-05A5E3282E8A}.Debug|x64.ActiveCfg = Debug|Any CPU
		{C5038D3E-CEC7-462A-AAA0-05A5E3282E8A}.Debug|x64.Build.0 = Debug|Any CPU
		{C5038D3E-CEC7-462A-AAA0-05A5E3282E8A}.Debug|x86.ActiveCfg = Debug|Any CPU
		{C5038D3E-CEC7-462A-AAA0-05A5E3282E8A}.Debug|x86.Build.0 = Debug|Any CPU
		{C5038D3E-CEC7-462A-AAA0-05A5E3282E8A}.Release|Any CPU.ActiveCfg = Release|Any CPU
		{C5038D3E-CEC7-462A-AAA0-05A5E3282E8A}.Release|Any CPU.Build.0 = Release|Any CPU
		{C5038D3E-CEC7-462A-AAA0-05A5E3282E8A}.Release|x64.ActiveCfg = Release|Any CPU
		{C5038D3E-CEC7-462A-AAA0-05A5E3282E8A}.Release|x64.Build.0 = Release|Any CPU
		{C5038D3E-CEC7-462A-AAA0-05A5E3282E8A}.Release|x86.ActiveCfg = Release|Any CPU
		{C5038D3E-CEC7-462A-AAA0-05A5E3282E8A}.Release|x86.Build.0 = Release|Any CPU
		{C0C1F320-A807-424E-B18D-72E0EC911524}.Debug|Any CPU.ActiveCfg = Debug|Any CPU
		{C0C1F320-A807-424E-B18D-72E0EC911524}.Debug|Any CPU.Build.0 = Debug|Any CPU
		{C0C1F320-A807-424E-B18D-72E0EC911524}.Debug|x64.ActiveCfg = Debug|Any CPU
		{C0C1F320-A807-424E-B18D-72E0EC911524}.Debug|x64.Build.0 = Debug|Any CPU
		{C0C1F320-A807-424E-B18D-72E0EC911524}.Debug|x86.ActiveCfg = Debug|Any CPU
		{C0C1F320-A807-424E-B18D-72E0EC911524}.Debug|x86.Build.0 = Debug|Any CPU
		{C0C1F320-A807-424E-B18D-72E0EC911524}.Release|Any CPU.ActiveCfg = Release|Any CPU
		{C0C1F320-A807-424E-B18D-72E0EC911524}.Release|Any CPU.Build.0 = Release|Any CPU
		{C0C1F320-A807-424E-B18D-72E0EC911524}.Release|x64.ActiveCfg = Release|Any CPU
		{C0C1F320-A807-424E-B18D-72E0EC911524}.Release|x64.Build.0 = Release|Any CPU
		{C0C1F320-A807-424E-B18D-72E0EC911524}.Release|x86.ActiveCfg = Release|Any CPU
		{C0C1F320-A807-424E-B18D-72E0EC911524}.Release|x86.Build.0 = Release|Any CPU
		{7B4F9BFC-B550-40B8-9B07-E15B8BE40CE8}.Debug|Any CPU.ActiveCfg = Debug|Any CPU
		{7B4F9BFC-B550-40B8-9B07-E15B8BE40CE8}.Debug|Any CPU.Build.0 = Debug|Any CPU
		{7B4F9BFC-B550-40B8-9B07-E15B8BE40CE8}.Debug|x64.ActiveCfg = Debug|Any CPU
		{7B4F9BFC-B550-40B8-9B07-E15B8BE40CE8}.Debug|x64.Build.0 = Debug|Any CPU
		{7B4F9BFC-B550-40B8-9B07-E15B8BE40CE8}.Debug|x86.ActiveCfg = Debug|Any CPU
		{7B4F9BFC-B550-40B8-9B07-E15B8BE40CE8}.Debug|x86.Build.0 = Debug|Any CPU
		{7B4F9BFC-B550-40B8-9B07-E15B8BE40CE8}.Release|Any CPU.ActiveCfg = Release|Any CPU
		{7B4F9BFC-B550-40B8-9B07-E15B8BE40CE8}.Release|Any CPU.Build.0 = Release|Any CPU
		{7B4F9BFC-B550-40B8-9B07-E15B8BE40CE8}.Release|x64.ActiveCfg = Release|Any CPU
		{7B4F9BFC-B550-40B8-9B07-E15B8BE40CE8}.Release|x64.Build.0 = Release|Any CPU
		{7B4F9BFC-B550-40B8-9B07-E15B8BE40CE8}.Release|x86.ActiveCfg = Release|Any CPU
		{7B4F9BFC-B550-40B8-9B07-E15B8BE40CE8}.Release|x86.Build.0 = Release|Any CPU
		{F43BAC19-FDDF-4696-9456-11C581C18BB8}.Debug|Any CPU.ActiveCfg = Debug|Any CPU
		{F43BAC19-FDDF-4696-9456-11C581C18BB8}.Debug|Any CPU.Build.0 = Debug|Any CPU
		{F43BAC19-FDDF-4696-9456-11C581C18BB8}.Debug|x64.ActiveCfg = Debug|Any CPU
		{F43BAC19-FDDF-4696-9456-11C581C18BB8}.Debug|x64.Build.0 = Debug|Any CPU
		{F43BAC19-FDDF-4696-9456-11C581C18BB8}.Debug|x86.ActiveCfg = Debug|Any CPU
		{F43BAC19-FDDF-4696-9456-11C581C18BB8}.Debug|x86.Build.0 = Debug|Any CPU
		{F43BAC19-FDDF-4696-9456-11C581C18BB8}.Release|Any CPU.ActiveCfg = Release|Any CPU
		{F43BAC19-FDDF-4696-9456-11C581C18BB8}.Release|Any CPU.Build.0 = Release|Any CPU
		{F43BAC19-FDDF-4696-9456-11C581C18BB8}.Release|x64.ActiveCfg = Release|Any CPU
		{F43BAC19-FDDF-4696-9456-11C581C18BB8}.Release|x64.Build.0 = Release|Any CPU
		{F43BAC19-FDDF-4696-9456-11C581C18BB8}.Release|x86.ActiveCfg = Release|Any CPU
		{F43BAC19-FDDF-4696-9456-11C581C18BB8}.Release|x86.Build.0 = Release|Any CPU
		{162727A1-E733-44B0-944E-DAC1C0CE3B44}.Debug|Any CPU.ActiveCfg = Debug|Any CPU
		{162727A1-E733-44B0-944E-DAC1C0CE3B44}.Debug|Any CPU.Build.0 = Debug|Any CPU
		{162727A1-E733-44B0-944E-DAC1C0CE3B44}.Debug|x64.ActiveCfg = Debug|Any CPU
		{162727A1-E733-44B0-944E-DAC1C0CE3B44}.Debug|x64.Build.0 = Debug|Any CPU
		{162727A1-E733-44B0-944E-DAC1C0CE3B44}.Debug|x86.ActiveCfg = Debug|Any CPU
		{162727A1-E733-44B0-944E-DAC1C0CE3B44}.Debug|x86.Build.0 = Debug|Any CPU
		{162727A1-E733-44B0-944E-DAC1C0CE3B44}.Release|Any CPU.ActiveCfg = Release|Any CPU
		{162727A1-E733-44B0-944E-DAC1C0CE3B44}.Release|Any CPU.Build.0 = Release|Any CPU
		{162727A1-E733-44B0-944E-DAC1C0CE3B44}.Release|x64.ActiveCfg = Release|Any CPU
		{162727A1-E733-44B0-944E-DAC1C0CE3B44}.Release|x64.Build.0 = Release|Any CPU
		{162727A1-E733-44B0-944E-DAC1C0CE3B44}.Release|x86.ActiveCfg = Release|Any CPU
		{162727A1-E733-44B0-944E-DAC1C0CE3B44}.Release|x86.Build.0 = Release|Any CPU
		{E23EEDB9-ED1F-434E-AC06-4D6A01F82742}.Debug|Any CPU.ActiveCfg = Debug|Any CPU
		{E23EEDB9-ED1F-434E-AC06-4D6A01F82742}.Debug|Any CPU.Build.0 = Debug|Any CPU
		{E23EEDB9-ED1F-434E-AC06-4D6A01F82742}.Debug|x64.ActiveCfg = Debug|Any CPU
		{E23EEDB9-ED1F-434E-AC06-4D6A01F82742}.Debug|x64.Build.0 = Debug|Any CPU
		{E23EEDB9-ED1F-434E-AC06-4D6A01F82742}.Debug|x86.ActiveCfg = Debug|Any CPU
		{E23EEDB9-ED1F-434E-AC06-4D6A01F82742}.Debug|x86.Build.0 = Debug|Any CPU
		{E23EEDB9-ED1F-434E-AC06-4D6A01F82742}.Release|Any CPU.ActiveCfg = Release|Any CPU
		{E23EEDB9-ED1F-434E-AC06-4D6A01F82742}.Release|Any CPU.Build.0 = Release|Any CPU
		{E23EEDB9-ED1F-434E-AC06-4D6A01F82742}.Release|x64.ActiveCfg = Release|Any CPU
		{E23EEDB9-ED1F-434E-AC06-4D6A01F82742}.Release|x64.Build.0 = Release|Any CPU
		{E23EEDB9-ED1F-434E-AC06-4D6A01F82742}.Release|x86.ActiveCfg = Release|Any CPU
		{E23EEDB9-ED1F-434E-AC06-4D6A01F82742}.Release|x86.Build.0 = Release|Any CPU
		{F5736627-F607-4A3A-8914-E0CFEC73C851}.Debug|Any CPU.ActiveCfg = Debug|Any CPU
		{F5736627-F607-4A3A-8914-E0CFEC73C851}.Debug|Any CPU.Build.0 = Debug|Any CPU
		{F5736627-F607-4A3A-8914-E0CFEC73C851}.Debug|x64.ActiveCfg = Debug|Any CPU
		{F5736627-F607-4A3A-8914-E0CFEC73C851}.Debug|x64.Build.0 = Debug|Any CPU
		{F5736627-F607-4A3A-8914-E0CFEC73C851}.Debug|x86.ActiveCfg = Debug|Any CPU
		{F5736627-F607-4A3A-8914-E0CFEC73C851}.Debug|x86.Build.0 = Debug|Any CPU
		{F5736627-F607-4A3A-8914-E0CFEC73C851}.Release|Any CPU.ActiveCfg = Release|Any CPU
		{F5736627-F607-4A3A-8914-E0CFEC73C851}.Release|Any CPU.Build.0 = Release|Any CPU
		{F5736627-F607-4A3A-8914-E0CFEC73C851}.Release|x64.ActiveCfg = Release|Any CPU
		{F5736627-F607-4A3A-8914-E0CFEC73C851}.Release|x64.Build.0 = Release|Any CPU
		{F5736627-F607-4A3A-8914-E0CFEC73C851}.Release|x86.ActiveCfg = Release|Any CPU
		{F5736627-F607-4A3A-8914-E0CFEC73C851}.Release|x86.Build.0 = Release|Any CPU
		{42E48488-6E2B-4D8E-85C9-4A2993AB68B2}.Debug|Any CPU.ActiveCfg = Debug|Any CPU
		{42E48488-6E2B-4D8E-85C9-4A2993AB68B2}.Debug|Any CPU.Build.0 = Debug|Any CPU
		{42E48488-6E2B-4D8E-85C9-4A2993AB68B2}.Debug|x64.ActiveCfg = Debug|Any CPU
		{42E48488-6E2B-4D8E-85C9-4A2993AB68B2}.Debug|x64.Build.0 = Debug|Any CPU
		{42E48488-6E2B-4D8E-85C9-4A2993AB68B2}.Debug|x86.ActiveCfg = Debug|Any CPU
		{42E48488-6E2B-4D8E-85C9-4A2993AB68B2}.Debug|x86.Build.0 = Debug|Any CPU
		{42E48488-6E2B-4D8E-85C9-4A2993AB68B2}.Release|Any CPU.ActiveCfg = Release|Any CPU
		{42E48488-6E2B-4D8E-85C9-4A2993AB68B2}.Release|Any CPU.Build.0 = Release|Any CPU
		{42E48488-6E2B-4D8E-85C9-4A2993AB68B2}.Release|x64.ActiveCfg = Release|Any CPU
		{42E48488-6E2B-4D8E-85C9-4A2993AB68B2}.Release|x64.Build.0 = Release|Any CPU
		{42E48488-6E2B-4D8E-85C9-4A2993AB68B2}.Release|x86.ActiveCfg = Release|Any CPU
		{42E48488-6E2B-4D8E-85C9-4A2993AB68B2}.Release|x86.Build.0 = Release|Any CPU
		{9A71D8FC-EC16-4E56-AD4C-D78BA1C22C83}.Debug|Any CPU.ActiveCfg = Debug|Any CPU
		{9A71D8FC-EC16-4E56-AD4C-D78BA1C22C83}.Debug|Any CPU.Build.0 = Debug|Any CPU
		{9A71D8FC-EC16-4E56-AD4C-D78BA1C22C83}.Debug|x64.ActiveCfg = Debug|Any CPU
		{9A71D8FC-EC16-4E56-AD4C-D78BA1C22C83}.Debug|x64.Build.0 = Debug|Any CPU
		{9A71D8FC-EC16-4E56-AD4C-D78BA1C22C83}.Debug|x86.ActiveCfg = Debug|Any CPU
		{9A71D8FC-EC16-4E56-AD4C-D78BA1C22C83}.Debug|x86.Build.0 = Debug|Any CPU
		{9A71D8FC-EC16-4E56-AD4C-D78BA1C22C83}.Release|Any CPU.ActiveCfg = Release|Any CPU
		{9A71D8FC-EC16-4E56-AD4C-D78BA1C22C83}.Release|Any CPU.Build.0 = Release|Any CPU
		{9A71D8FC-EC16-4E56-AD4C-D78BA1C22C83}.Release|x64.ActiveCfg = Release|Any CPU
		{9A71D8FC-EC16-4E56-AD4C-D78BA1C22C83}.Release|x64.Build.0 = Release|Any CPU
		{9A71D8FC-EC16-4E56-AD4C-D78BA1C22C83}.Release|x86.ActiveCfg = Release|Any CPU
		{9A71D8FC-EC16-4E56-AD4C-D78BA1C22C83}.Release|x86.Build.0 = Release|Any CPU
		{306BCD16-00E0-46CA-B5CC-64AAC33CC810}.Debug|Any CPU.ActiveCfg = Debug|Any CPU
		{306BCD16-00E0-46CA-B5CC-64AAC33CC810}.Debug|Any CPU.Build.0 = Debug|Any CPU
		{306BCD16-00E0-46CA-B5CC-64AAC33CC810}.Debug|x64.ActiveCfg = Debug|Any CPU
		{306BCD16-00E0-46CA-B5CC-64AAC33CC810}.Debug|x64.Build.0 = Debug|Any CPU
		{306BCD16-00E0-46CA-B5CC-64AAC33CC810}.Debug|x86.ActiveCfg = Debug|Any CPU
		{306BCD16-00E0-46CA-B5CC-64AAC33CC810}.Debug|x86.Build.0 = Debug|Any CPU
		{306BCD16-00E0-46CA-B5CC-64AAC33CC810}.Release|Any CPU.ActiveCfg = Release|Any CPU
		{306BCD16-00E0-46CA-B5CC-64AAC33CC810}.Release|Any CPU.Build.0 = Release|Any CPU
		{306BCD16-00E0-46CA-B5CC-64AAC33CC810}.Release|x64.ActiveCfg = Release|Any CPU
		{306BCD16-00E0-46CA-B5CC-64AAC33CC810}.Release|x64.Build.0 = Release|Any CPU
		{306BCD16-00E0-46CA-B5CC-64AAC33CC810}.Release|x86.ActiveCfg = Release|Any CPU
		{306BCD16-00E0-46CA-B5CC-64AAC33CC810}.Release|x86.Build.0 = Release|Any CPU
		{36E75AAA-C2EB-4209-8455-A51676D16B76}.Debug|Any CPU.ActiveCfg = Debug|Any CPU
		{36E75AAA-C2EB-4209-8455-A51676D16B76}.Debug|Any CPU.Build.0 = Debug|Any CPU
		{36E75AAA-C2EB-4209-8455-A51676D16B76}.Debug|x64.ActiveCfg = Debug|Any CPU
		{36E75AAA-C2EB-4209-8455-A51676D16B76}.Debug|x64.Build.0 = Debug|Any CPU
		{36E75AAA-C2EB-4209-8455-A51676D16B76}.Debug|x86.ActiveCfg = Debug|Any CPU
		{36E75AAA-C2EB-4209-8455-A51676D16B76}.Debug|x86.Build.0 = Debug|Any CPU
		{36E75AAA-C2EB-4209-8455-A51676D16B76}.Release|Any CPU.ActiveCfg = Release|Any CPU
		{36E75AAA-C2EB-4209-8455-A51676D16B76}.Release|Any CPU.Build.0 = Release|Any CPU
		{36E75AAA-C2EB-4209-8455-A51676D16B76}.Release|x64.ActiveCfg = Release|Any CPU
		{36E75AAA-C2EB-4209-8455-A51676D16B76}.Release|x64.Build.0 = Release|Any CPU
		{36E75AAA-C2EB-4209-8455-A51676D16B76}.Release|x86.ActiveCfg = Release|Any CPU
		{36E75AAA-C2EB-4209-8455-A51676D16B76}.Release|x86.Build.0 = Release|Any CPU
		{1679CE08-4075-48F1-B837-22017CF5B2E4}.Debug|Any CPU.ActiveCfg = Debug|Any CPU
		{1679CE08-4075-48F1-B837-22017CF5B2E4}.Debug|Any CPU.Build.0 = Debug|Any CPU
		{1679CE08-4075-48F1-B837-22017CF5B2E4}.Debug|x64.ActiveCfg = Debug|Any CPU
		{1679CE08-4075-48F1-B837-22017CF5B2E4}.Debug|x64.Build.0 = Debug|Any CPU
		{1679CE08-4075-48F1-B837-22017CF5B2E4}.Debug|x86.ActiveCfg = Debug|Any CPU
		{1679CE08-4075-48F1-B837-22017CF5B2E4}.Debug|x86.Build.0 = Debug|Any CPU
		{1679CE08-4075-48F1-B837-22017CF5B2E4}.Release|Any CPU.ActiveCfg = Release|Any CPU
		{1679CE08-4075-48F1-B837-22017CF5B2E4}.Release|Any CPU.Build.0 = Release|Any CPU
		{1679CE08-4075-48F1-B837-22017CF5B2E4}.Release|x64.ActiveCfg = Release|Any CPU
		{1679CE08-4075-48F1-B837-22017CF5B2E4}.Release|x64.Build.0 = Release|Any CPU
		{1679CE08-4075-48F1-B837-22017CF5B2E4}.Release|x86.ActiveCfg = Release|Any CPU
		{1679CE08-4075-48F1-B837-22017CF5B2E4}.Release|x86.Build.0 = Release|Any CPU
		{1E2CE2C1-FEC8-4554-9818-9D8EF0A785BA}.Debug|Any CPU.ActiveCfg = Debug|Any CPU
		{1E2CE2C1-FEC8-4554-9818-9D8EF0A785BA}.Debug|Any CPU.Build.0 = Debug|Any CPU
		{1E2CE2C1-FEC8-4554-9818-9D8EF0A785BA}.Debug|x64.ActiveCfg = Debug|Any CPU
		{1E2CE2C1-FEC8-4554-9818-9D8EF0A785BA}.Debug|x64.Build.0 = Debug|Any CPU
		{1E2CE2C1-FEC8-4554-9818-9D8EF0A785BA}.Debug|x86.ActiveCfg = Debug|Any CPU
		{1E2CE2C1-FEC8-4554-9818-9D8EF0A785BA}.Debug|x86.Build.0 = Debug|Any CPU
		{1E2CE2C1-FEC8-4554-9818-9D8EF0A785BA}.Release|Any CPU.ActiveCfg = Release|Any CPU
		{1E2CE2C1-FEC8-4554-9818-9D8EF0A785BA}.Release|Any CPU.Build.0 = Release|Any CPU
		{1E2CE2C1-FEC8-4554-9818-9D8EF0A785BA}.Release|x64.ActiveCfg = Release|Any CPU
		{1E2CE2C1-FEC8-4554-9818-9D8EF0A785BA}.Release|x64.Build.0 = Release|Any CPU
		{1E2CE2C1-FEC8-4554-9818-9D8EF0A785BA}.Release|x86.ActiveCfg = Release|Any CPU
		{1E2CE2C1-FEC8-4554-9818-9D8EF0A785BA}.Release|x86.Build.0 = Release|Any CPU
		{95B7775E-095A-43A4-A7F2-9FBB376D3030}.Debug|Any CPU.ActiveCfg = Debug|Any CPU
		{95B7775E-095A-43A4-A7F2-9FBB376D3030}.Debug|Any CPU.Build.0 = Debug|Any CPU
		{95B7775E-095A-43A4-A7F2-9FBB376D3030}.Debug|x64.ActiveCfg = Debug|Any CPU
		{95B7775E-095A-43A4-A7F2-9FBB376D3030}.Debug|x64.Build.0 = Debug|Any CPU
		{95B7775E-095A-43A4-A7F2-9FBB376D3030}.Debug|x86.ActiveCfg = Debug|Any CPU
		{95B7775E-095A-43A4-A7F2-9FBB376D3030}.Debug|x86.Build.0 = Debug|Any CPU
		{95B7775E-095A-43A4-A7F2-9FBB376D3030}.Release|Any CPU.ActiveCfg = Release|Any CPU
		{95B7775E-095A-43A4-A7F2-9FBB376D3030}.Release|Any CPU.Build.0 = Release|Any CPU
		{95B7775E-095A-43A4-A7F2-9FBB376D3030}.Release|x64.ActiveCfg = Release|Any CPU
		{95B7775E-095A-43A4-A7F2-9FBB376D3030}.Release|x64.Build.0 = Release|Any CPU
		{95B7775E-095A-43A4-A7F2-9FBB376D3030}.Release|x86.ActiveCfg = Release|Any CPU
		{95B7775E-095A-43A4-A7F2-9FBB376D3030}.Release|x86.Build.0 = Release|Any CPU
		{D93F767E-3036-4C2B-AF3E-FECFA44EF38B}.Debug|Any CPU.ActiveCfg = Debug|Any CPU
		{D93F767E-3036-4C2B-AF3E-FECFA44EF38B}.Debug|Any CPU.Build.0 = Debug|Any CPU
		{D93F767E-3036-4C2B-AF3E-FECFA44EF38B}.Debug|x64.ActiveCfg = Debug|Any CPU
		{D93F767E-3036-4C2B-AF3E-FECFA44EF38B}.Debug|x64.Build.0 = Debug|Any CPU
		{D93F767E-3036-4C2B-AF3E-FECFA44EF38B}.Debug|x86.ActiveCfg = Debug|Any CPU
		{D93F767E-3036-4C2B-AF3E-FECFA44EF38B}.Debug|x86.Build.0 = Debug|Any CPU
		{D93F767E-3036-4C2B-AF3E-FECFA44EF38B}.Release|Any CPU.ActiveCfg = Release|Any CPU
		{D93F767E-3036-4C2B-AF3E-FECFA44EF38B}.Release|Any CPU.Build.0 = Release|Any CPU
		{D93F767E-3036-4C2B-AF3E-FECFA44EF38B}.Release|x64.ActiveCfg = Release|Any CPU
		{D93F767E-3036-4C2B-AF3E-FECFA44EF38B}.Release|x64.Build.0 = Release|Any CPU
		{D93F767E-3036-4C2B-AF3E-FECFA44EF38B}.Release|x86.ActiveCfg = Release|Any CPU
		{D93F767E-3036-4C2B-AF3E-FECFA44EF38B}.Release|x86.Build.0 = Release|Any CPU
		{30698C11-23FE-479A-95EC-5C975816E37D}.Debug|Any CPU.ActiveCfg = Debug|Any CPU
		{30698C11-23FE-479A-95EC-5C975816E37D}.Debug|Any CPU.Build.0 = Debug|Any CPU
		{30698C11-23FE-479A-95EC-5C975816E37D}.Debug|x64.ActiveCfg = Debug|Any CPU
		{30698C11-23FE-479A-95EC-5C975816E37D}.Debug|x64.Build.0 = Debug|Any CPU
		{30698C11-23FE-479A-95EC-5C975816E37D}.Debug|x86.ActiveCfg = Debug|Any CPU
		{30698C11-23FE-479A-95EC-5C975816E37D}.Debug|x86.Build.0 = Debug|Any CPU
		{30698C11-23FE-479A-95EC-5C975816E37D}.Release|Any CPU.ActiveCfg = Release|Any CPU
		{30698C11-23FE-479A-95EC-5C975816E37D}.Release|Any CPU.Build.0 = Release|Any CPU
		{30698C11-23FE-479A-95EC-5C975816E37D}.Release|x64.ActiveCfg = Release|Any CPU
		{30698C11-23FE-479A-95EC-5C975816E37D}.Release|x64.Build.0 = Release|Any CPU
		{30698C11-23FE-479A-95EC-5C975816E37D}.Release|x86.ActiveCfg = Release|Any CPU
		{30698C11-23FE-479A-95EC-5C975816E37D}.Release|x86.Build.0 = Release|Any CPU
		{62AEED9C-5054-4503-9013-A7987177306C}.Debug|Any CPU.ActiveCfg = Debug|Any CPU
		{62AEED9C-5054-4503-9013-A7987177306C}.Debug|Any CPU.Build.0 = Debug|Any CPU
		{62AEED9C-5054-4503-9013-A7987177306C}.Debug|x64.ActiveCfg = Debug|Any CPU
		{62AEED9C-5054-4503-9013-A7987177306C}.Debug|x64.Build.0 = Debug|Any CPU
		{62AEED9C-5054-4503-9013-A7987177306C}.Debug|x86.ActiveCfg = Debug|Any CPU
		{62AEED9C-5054-4503-9013-A7987177306C}.Debug|x86.Build.0 = Debug|Any CPU
		{62AEED9C-5054-4503-9013-A7987177306C}.Release|Any CPU.ActiveCfg = Release|Any CPU
		{62AEED9C-5054-4503-9013-A7987177306C}.Release|Any CPU.Build.0 = Release|Any CPU
		{62AEED9C-5054-4503-9013-A7987177306C}.Release|x64.ActiveCfg = Release|Any CPU
		{62AEED9C-5054-4503-9013-A7987177306C}.Release|x64.Build.0 = Release|Any CPU
		{62AEED9C-5054-4503-9013-A7987177306C}.Release|x86.ActiveCfg = Release|Any CPU
		{62AEED9C-5054-4503-9013-A7987177306C}.Release|x86.Build.0 = Release|Any CPU
		{4E8790AD-4372-4286-9E99-23A33F70A4E1}.Debug|Any CPU.ActiveCfg = Debug|Any CPU
		{4E8790AD-4372-4286-9E99-23A33F70A4E1}.Debug|Any CPU.Build.0 = Debug|Any CPU
		{4E8790AD-4372-4286-9E99-23A33F70A4E1}.Debug|x64.ActiveCfg = Debug|Any CPU
		{4E8790AD-4372-4286-9E99-23A33F70A4E1}.Debug|x64.Build.0 = Debug|Any CPU
		{4E8790AD-4372-4286-9E99-23A33F70A4E1}.Debug|x86.ActiveCfg = Debug|Any CPU
		{4E8790AD-4372-4286-9E99-23A33F70A4E1}.Debug|x86.Build.0 = Debug|Any CPU
		{4E8790AD-4372-4286-9E99-23A33F70A4E1}.Release|Any CPU.ActiveCfg = Release|Any CPU
		{4E8790AD-4372-4286-9E99-23A33F70A4E1}.Release|Any CPU.Build.0 = Release|Any CPU
		{4E8790AD-4372-4286-9E99-23A33F70A4E1}.Release|x64.ActiveCfg = Release|Any CPU
		{4E8790AD-4372-4286-9E99-23A33F70A4E1}.Release|x64.Build.0 = Release|Any CPU
		{4E8790AD-4372-4286-9E99-23A33F70A4E1}.Release|x86.ActiveCfg = Release|Any CPU
		{4E8790AD-4372-4286-9E99-23A33F70A4E1}.Release|x86.Build.0 = Release|Any CPU
		{6FEC4901-298B-429C-B392-CB367EE6EA71}.Debug|Any CPU.ActiveCfg = Debug|Any CPU
		{6FEC4901-298B-429C-B392-CB367EE6EA71}.Debug|Any CPU.Build.0 = Debug|Any CPU
		{6FEC4901-298B-429C-B392-CB367EE6EA71}.Debug|x64.ActiveCfg = Debug|Any CPU
		{6FEC4901-298B-429C-B392-CB367EE6EA71}.Debug|x64.Build.0 = Debug|Any CPU
		{6FEC4901-298B-429C-B392-CB367EE6EA71}.Debug|x86.ActiveCfg = Debug|Any CPU
		{6FEC4901-298B-429C-B392-CB367EE6EA71}.Debug|x86.Build.0 = Debug|Any CPU
		{6FEC4901-298B-429C-B392-CB367EE6EA71}.Release|Any CPU.ActiveCfg = Release|Any CPU
		{6FEC4901-298B-429C-B392-CB367EE6EA71}.Release|Any CPU.Build.0 = Release|Any CPU
		{6FEC4901-298B-429C-B392-CB367EE6EA71}.Release|x64.ActiveCfg = Release|Any CPU
		{6FEC4901-298B-429C-B392-CB367EE6EA71}.Release|x64.Build.0 = Release|Any CPU
		{6FEC4901-298B-429C-B392-CB367EE6EA71}.Release|x86.ActiveCfg = Release|Any CPU
		{6FEC4901-298B-429C-B392-CB367EE6EA71}.Release|x86.Build.0 = Release|Any CPU
		{221E3935-8A76-471D-B451-5E1BF6488BB3}.Debug|Any CPU.ActiveCfg = Debug|Any CPU
		{221E3935-8A76-471D-B451-5E1BF6488BB3}.Debug|Any CPU.Build.0 = Debug|Any CPU
		{221E3935-8A76-471D-B451-5E1BF6488BB3}.Debug|x64.ActiveCfg = Debug|Any CPU
		{221E3935-8A76-471D-B451-5E1BF6488BB3}.Debug|x64.Build.0 = Debug|Any CPU
		{221E3935-8A76-471D-B451-5E1BF6488BB3}.Debug|x86.ActiveCfg = Debug|Any CPU
		{221E3935-8A76-471D-B451-5E1BF6488BB3}.Debug|x86.Build.0 = Debug|Any CPU
		{221E3935-8A76-471D-B451-5E1BF6488BB3}.Release|Any CPU.ActiveCfg = Release|Any CPU
		{221E3935-8A76-471D-B451-5E1BF6488BB3}.Release|Any CPU.Build.0 = Release|Any CPU
		{221E3935-8A76-471D-B451-5E1BF6488BB3}.Release|x64.ActiveCfg = Release|Any CPU
		{221E3935-8A76-471D-B451-5E1BF6488BB3}.Release|x64.Build.0 = Release|Any CPU
		{221E3935-8A76-471D-B451-5E1BF6488BB3}.Release|x86.ActiveCfg = Release|Any CPU
		{221E3935-8A76-471D-B451-5E1BF6488BB3}.Release|x86.Build.0 = Release|Any CPU
		{0130FE04-4E9A-467C-AD05-3A6317A06B6F}.Debug|Any CPU.ActiveCfg = Debug|Any CPU
		{0130FE04-4E9A-467C-AD05-3A6317A06B6F}.Debug|Any CPU.Build.0 = Debug|Any CPU
		{0130FE04-4E9A-467C-AD05-3A6317A06B6F}.Debug|x64.ActiveCfg = Debug|Any CPU
		{0130FE04-4E9A-467C-AD05-3A6317A06B6F}.Debug|x64.Build.0 = Debug|Any CPU
		{0130FE04-4E9A-467C-AD05-3A6317A06B6F}.Debug|x86.ActiveCfg = Debug|Any CPU
		{0130FE04-4E9A-467C-AD05-3A6317A06B6F}.Debug|x86.Build.0 = Debug|Any CPU
		{0130FE04-4E9A-467C-AD05-3A6317A06B6F}.Release|Any CPU.ActiveCfg = Release|Any CPU
		{0130FE04-4E9A-467C-AD05-3A6317A06B6F}.Release|Any CPU.Build.0 = Release|Any CPU
		{0130FE04-4E9A-467C-AD05-3A6317A06B6F}.Release|x64.ActiveCfg = Release|Any CPU
		{0130FE04-4E9A-467C-AD05-3A6317A06B6F}.Release|x64.Build.0 = Release|Any CPU
		{0130FE04-4E9A-467C-AD05-3A6317A06B6F}.Release|x86.ActiveCfg = Release|Any CPU
		{0130FE04-4E9A-467C-AD05-3A6317A06B6F}.Release|x86.Build.0 = Release|Any CPU
		{640D8843-9389-4422-9DC0-48A1E9D7C943}.Debug|Any CPU.ActiveCfg = Debug|Any CPU
		{640D8843-9389-4422-9DC0-48A1E9D7C943}.Debug|Any CPU.Build.0 = Debug|Any CPU
		{640D8843-9389-4422-9DC0-48A1E9D7C943}.Debug|x64.ActiveCfg = Debug|Any CPU
		{640D8843-9389-4422-9DC0-48A1E9D7C943}.Debug|x64.Build.0 = Debug|Any CPU
		{640D8843-9389-4422-9DC0-48A1E9D7C943}.Debug|x86.ActiveCfg = Debug|Any CPU
		{640D8843-9389-4422-9DC0-48A1E9D7C943}.Debug|x86.Build.0 = Debug|Any CPU
		{640D8843-9389-4422-9DC0-48A1E9D7C943}.Release|Any CPU.ActiveCfg = Release|Any CPU
		{640D8843-9389-4422-9DC0-48A1E9D7C943}.Release|Any CPU.Build.0 = Release|Any CPU
		{640D8843-9389-4422-9DC0-48A1E9D7C943}.Release|x64.ActiveCfg = Release|Any CPU
		{640D8843-9389-4422-9DC0-48A1E9D7C943}.Release|x64.Build.0 = Release|Any CPU
		{640D8843-9389-4422-9DC0-48A1E9D7C943}.Release|x86.ActiveCfg = Release|Any CPU
		{640D8843-9389-4422-9DC0-48A1E9D7C943}.Release|x86.Build.0 = Release|Any CPU
	EndGlobalSection
	GlobalSection(NestedProjects) = preSolution
		{0B3EAFB3-3C0F-441B-809F-2659BD6B7E72} = {BE943138-D5D9-46D6-9B7C-76C73A552274}
		{C5038D3E-CEC7-462A-AAA0-05A5E3282E8A} = {BE943138-D5D9-46D6-9B7C-76C73A552274}
		{C0C1F320-A807-424E-B18D-72E0EC911524} = {BE943138-D5D9-46D6-9B7C-76C73A552274}
		{7B4F9BFC-B550-40B8-9B07-E15B8BE40CE8} = {2BD83045-B484-46F5-AA53-D2CE4A323035}
		{F43BAC19-FDDF-4696-9456-11C581C18BB8} = {2BD83045-B484-46F5-AA53-D2CE4A323035}
		{162727A1-E733-44B0-944E-DAC1C0CE3B44} = {2BD83045-B484-46F5-AA53-D2CE4A323035}
		{E23EEDB9-ED1F-434E-AC06-4D6A01F82742} = {5DDA7CD4-B6ED-4AA8-A5F4-DD64C1154E86}
		{F5736627-F607-4A3A-8914-E0CFEC73C851} = {5DDA7CD4-B6ED-4AA8-A5F4-DD64C1154E86}
		{42E48488-6E2B-4D8E-85C9-4A2993AB68B2} = {5DDA7CD4-B6ED-4AA8-A5F4-DD64C1154E86}
		{1679CE08-4075-48F1-B837-22017CF5B2E4} = {24D9300F-D93E-47FF-8644-BF5D6B289C0D}
		{1E2CE2C1-FEC8-4554-9818-9D8EF0A785BA} = {24D9300F-D93E-47FF-8644-BF5D6B289C0D}
		{95B7775E-095A-43A4-A7F2-9FBB376D3030} = {24D9300F-D93E-47FF-8644-BF5D6B289C0D}
		{5DDA7CD4-B6ED-4AA8-A5F4-DD64C1154E86} = {F74BC95E-DDE2-44D1-A2B4-CE8FC2FB31EA}
		{2BD83045-B484-46F5-AA53-D2CE4A323035} = {F74BC95E-DDE2-44D1-A2B4-CE8FC2FB31EA}
		{24D9300F-D93E-47FF-8644-BF5D6B289C0D} = {F74BC95E-DDE2-44D1-A2B4-CE8FC2FB31EA}
		{3F42CC46-A1B7-4D08-A7CD-DE5398C7CA75} = {F74BC95E-DDE2-44D1-A2B4-CE8FC2FB31EA}
		{D93F767E-3036-4C2B-AF3E-FECFA44EF38B} = {3F42CC46-A1B7-4D08-A7CD-DE5398C7CA75}
		{30698C11-23FE-479A-95EC-5C975816E37D} = {3F42CC46-A1B7-4D08-A7CD-DE5398C7CA75}
		{62AEED9C-5054-4503-9013-A7987177306C} = {3F42CC46-A1B7-4D08-A7CD-DE5398C7CA75}
		{2813C800-F0B3-494A-9F03-4DEEED1D0CFF} = {47BE2A44-16FB-4A12-809B-04DA1C1038A0}
		{4E8790AD-4372-4286-9E99-23A33F70A4E1} = {2813C800-F0B3-494A-9F03-4DEEED1D0CFF}
		{891F69A8-DDE8-4B3E-ADCD-A78D1F7B6C77} = {47BE2A44-16FB-4A12-809B-04DA1C1038A0}
		{6FEC4901-298B-429C-B392-CB367EE6EA71} = {891F69A8-DDE8-4B3E-ADCD-A78D1F7B6C77}
		{4BACEB2B-F318-49F7-9AED-55CEA77D00A8} = {47BE2A44-16FB-4A12-809B-04DA1C1038A0}
		{C3D76B32-D7AF-44B7-B52B-FE2E4DD93838} = {4BACEB2B-F318-49F7-9AED-55CEA77D00A8}
		{221E3935-8A76-471D-B451-5E1BF6488BB3} = {C3D76B32-D7AF-44B7-B52B-FE2E4DD93838}
		{0130FE04-4E9A-467C-AD05-3A6317A06B6F} = {C3D76B32-D7AF-44B7-B52B-FE2E4DD93838}
		{6910D3E3-4F4C-44D4-B09A-BBADDDAF47A0} = {F74BC95E-DDE2-44D1-A2B4-CE8FC2FB31EA}
		{640D8843-9389-4422-9DC0-48A1E9D7C943} = {6910D3E3-4F4C-44D4-B09A-BBADDDAF47A0}
	EndGlobalSection
EndGlobal
