
Microsoft Visual Studio Solution File, Format Version 12.00
# Visual Studio Version 16
VisualStudioVersion = 16.0.30114.105
MinimumVisualStudioVersion = 10.0.40219.1
Project("{2150E333-8FDC-42A3-9474-1A3956D46DE8}") = "SqlServer", "SqlServer", "{5DDA7CD4-B6ED-4AA8-A5F4-DD64C1154E86}"
EndProject
Project("{2150E333-8FDC-42A3-9474-1A3956D46DE8}") = "Samples", "Samples", "{BE943138-D5D9-46D6-9B7C-76C73A552274}"
EndProject
Project("{FAE04EC0-301F-11D3-BF4B-00C04F79EFBC}") = "Sample.ConsoleApp", "Samples\Sample.ConsoleApp\Sample.ConsoleApp.csproj", "{0B3EAFB3-3C0F-441B-809F-2659BD6B7E72}"
EndProject
Project("{FAE04EC0-301F-11D3-BF4B-00C04F79EFBC}") = "Sample.WebApi", "Samples\Sample.WebApi\Sample.WebApi.csproj", "{C5038D3E-CEC7-462A-AAA0-05A5E3282E8A}"
EndProject
Project("{FAE04EC0-301F-11D3-BF4B-00C04F79EFBC}") = "Sample.Pod", "Samples\Sample.Pod\Sample.Pod.csproj", "{C0C1F320-A807-424E-B18D-72E0EC911524}"
EndProject
Project("{2150E333-8FDC-42A3-9474-1A3956D46DE8}") = "PostgreSQL", "PostgreSQL", "{2BD83045-B484-46F5-AA53-D2CE4A323035}"
EndProject
Project("{FAE04EC0-301F-11D3-BF4B-00C04F79EFBC}") = "Cleipnir.ResilientFunctions.PostgreSQL", "Stores\PostgreSQL\Cleipnir.ResilientFunctions.PostgreSQL\Cleipnir.ResilientFunctions.PostgreSQL.csproj", "{7B4F9BFC-B550-40B8-9B07-E15B8BE40CE8}"
EndProject
Project("{FAE04EC0-301F-11D3-BF4B-00C04F79EFBC}") = "Cleipnir.ResilientFunctions.PostgreSQL.StressTest", "Stores\PostgreSQL\Cleipnir.ResilientFunctions.PostgreSQL.StressTest\Cleipnir.ResilientFunctions.PostgreSQL.StressTest.csproj", "{F43BAC19-FDDF-4696-9456-11C581C18BB8}"
EndProject
Project("{FAE04EC0-301F-11D3-BF4B-00C04F79EFBC}") = "Cleipnir.ResilientFunctions.PostgreSQL.Tests", "Stores\PostgreSQL\Cleipnir.ResilientFunctions.PostgreSQL.Tests\Cleipnir.ResilientFunctions.PostgreSQL.Tests.csproj", "{162727A1-E733-44B0-944E-DAC1C0CE3B44}"
EndProject
Project("{FAE04EC0-301F-11D3-BF4B-00C04F79EFBC}") = "Cleipnir.ResilientFunctions.SqlServer", "Stores\SqlServer\Cleipnir.ResilientFunctions.SqlServer\Cleipnir.ResilientFunctions.SqlServer.csproj", "{E23EEDB9-ED1F-434E-AC06-4D6A01F82742}"
EndProject
Project("{FAE04EC0-301F-11D3-BF4B-00C04F79EFBC}") = "Cleipnir.ResilientFunctions.SqlServer.StressTest", "Stores\SqlServer\Cleipnir.ResilientFunctions.SqlServer.StressTest\Cleipnir.ResilientFunctions.SqlServer.StressTest.csproj", "{F5736627-F607-4A3A-8914-E0CFEC73C851}"
EndProject
Project("{FAE04EC0-301F-11D3-BF4B-00C04F79EFBC}") = "Cleipnir.ResilientFunctions.SqlServer.Tests", "Stores\SqlServer\Cleipnir.ResilientFunctions.SqlServer.Tests\Cleipnir.ResilientFunctions.SqlServer.Tests.csproj", "{42E48488-6E2B-4D8E-85C9-4A2993AB68B2}"
EndProject
Project("{FAE04EC0-301F-11D3-BF4B-00C04F79EFBC}") = "Cleipnir.ResilientFunctions", "Core\Cleipnir.ResilientFunctions\Cleipnir.ResilientFunctions.csproj", "{9A71D8FC-EC16-4E56-AD4C-D78BA1C22C83}"
EndProject
Project("{FAE04EC0-301F-11D3-BF4B-00C04F79EFBC}") = "Cleipnir.ResilientFunctions.AspNetCore", "Core\Cleipnir.ResilientFunctions.AspNetCore\Cleipnir.ResilientFunctions.AspNetCore.csproj", "{306BCD16-00E0-46CA-B5CC-64AAC33CC810}"
EndProject
Project("{FAE04EC0-301F-11D3-BF4B-00C04F79EFBC}") = "Cleipnir.ResilientFunctions.Tests", "Core\Cleipnir.ResilientFunctions.Tests\Cleipnir.ResilientFunctions.Tests.csproj", "{36E75AAA-C2EB-4209-8455-A51676D16B76}"
EndProject
Global
	GlobalSection(SolutionConfigurationPlatforms) = preSolution
		Debug|Any CPU = Debug|Any CPU
		Debug|x64 = Debug|x64
		Debug|x86 = Debug|x86
		Release|Any CPU = Release|Any CPU
		Release|x64 = Release|x64
		Release|x86 = Release|x86
	EndGlobalSection
	GlobalSection(SolutionProperties) = preSolution
		HideSolutionNode = FALSE
	EndGlobalSection
	GlobalSection(ProjectConfigurationPlatforms) = postSolution
		{0B3EAFB3-3C0F-441B-809F-2659BD6B7E72}.Debug|Any CPU.ActiveCfg = Debug|Any CPU
		{0B3EAFB3-3C0F-441B-809F-2659BD6B7E72}.Debug|Any CPU.Build.0 = Debug|Any CPU
		{0B3EAFB3-3C0F-441B-809F-2659BD6B7E72}.Debug|x64.ActiveCfg = Debug|Any CPU
		{0B3EAFB3-3C0F-441B-809F-2659BD6B7E72}.Debug|x64.Build.0 = Debug|Any CPU
		{0B3EAFB3-3C0F-441B-809F-2659BD6B7E72}.Debug|x86.ActiveCfg = Debug|Any CPU
		{0B3EAFB3-3C0F-441B-809F-2659BD6B7E72}.Debug|x86.Build.0 = Debug|Any CPU
		{0B3EAFB3-3C0F-441B-809F-2659BD6B7E72}.Release|Any CPU.ActiveCfg = Release|Any CPU
		{0B3EAFB3-3C0F-441B-809F-2659BD6B7E72}.Release|Any CPU.Build.0 = Release|Any CPU
		{0B3EAFB3-3C0F-441B-809F-2659BD6B7E72}.Release|x64.ActiveCfg = Release|Any CPU
		{0B3EAFB3-3C0F-441B-809F-2659BD6B7E72}.Release|x64.Build.0 = Release|Any CPU
		{0B3EAFB3-3C0F-441B-809F-2659BD6B7E72}.Release|x86.ActiveCfg = Release|Any CPU
		{0B3EAFB3-3C0F-441B-809F-2659BD6B7E72}.Release|x86.Build.0 = Release|Any CPU
		{C5038D3E-CEC7-462A-AAA0-05A5E3282E8A}.Debug|Any CPU.ActiveCfg = Debug|Any CPU
		{C5038D3E-CEC7-462A-AAA0-05A5E3282E8A}.Debug|Any CPU.Build.0 = Debug|Any CPU
		{C5038D3E-CEC7-462A-AAA0-05A5E3282E8A}.Debug|x64.ActiveCfg = Debug|Any CPU
		{C5038D3E-CEC7-462A-AAA0-05A5E3282E8A}.Debug|x64.Build.0 = Debug|Any CPU
		{C5038D3E-CEC7-462A-AAA0-05A5E3282E8A}.Debug|x86.ActiveCfg = Debug|Any CPU
		{C5038D3E-CEC7-462A-AAA0-05A5E3282E8A}.Debug|x86.Build.0 = Debug|Any CPU
		{C5038D3E-CEC7-462A-AAA0-05A5E3282E8A}.Release|Any CPU.ActiveCfg = Release|Any CPU
		{C5038D3E-CEC7-462A-AAA0-05A5E3282E8A}.Release|Any CPU.Build.0 = Release|Any CPU
		{C5038D3E-CEC7-462A-AAA0-05A5E3282E8A}.Release|x64.ActiveCfg = Release|Any CPU
		{C5038D3E-CEC7-462A-AAA0-05A5E3282E8A}.Release|x64.Build.0 = Release|Any CPU
		{C5038D3E-CEC7-462A-AAA0-05A5E3282E8A}.Release|x86.ActiveCfg = Release|Any CPU
		{C5038D3E-CEC7-462A-AAA0-05A5E3282E8A}.Release|x86.Build.0 = Release|Any CPU
		{C0C1F320-A807-424E-B18D-72E0EC911524}.Debug|Any CPU.ActiveCfg = Debug|Any CPU
		{C0C1F320-A807-424E-B18D-72E0EC911524}.Debug|Any CPU.Build.0 = Debug|Any CPU
		{C0C1F320-A807-424E-B18D-72E0EC911524}.Debug|x64.ActiveCfg = Debug|Any CPU
		{C0C1F320-A807-424E-B18D-72E0EC911524}.Debug|x64.Build.0 = Debug|Any CPU
		{C0C1F320-A807-424E-B18D-72E0EC911524}.Debug|x86.ActiveCfg = Debug|Any CPU
		{C0C1F320-A807-424E-B18D-72E0EC911524}.Debug|x86.Build.0 = Debug|Any CPU
		{C0C1F320-A807-424E-B18D-72E0EC911524}.Release|Any CPU.ActiveCfg = Release|Any CPU
		{C0C1F320-A807-424E-B18D-72E0EC911524}.Release|Any CPU.Build.0 = Release|Any CPU
		{C0C1F320-A807-424E-B18D-72E0EC911524}.Release|x64.ActiveCfg = Release|Any CPU
		{C0C1F320-A807-424E-B18D-72E0EC911524}.Release|x64.Build.0 = Release|Any CPU
		{C0C1F320-A807-424E-B18D-72E0EC911524}.Release|x86.ActiveCfg = Release|Any CPU
		{C0C1F320-A807-424E-B18D-72E0EC911524}.Release|x86.Build.0 = Release|Any CPU
		{7B4F9BFC-B550-40B8-9B07-E15B8BE40CE8}.Debug|Any CPU.ActiveCfg = Debug|Any CPU
		{7B4F9BFC-B550-40B8-9B07-E15B8BE40CE8}.Debug|Any CPU.Build.0 = Debug|Any CPU
		{7B4F9BFC-B550-40B8-9B07-E15B8BE40CE8}.Debug|x64.ActiveCfg = Debug|Any CPU
		{7B4F9BFC-B550-40B8-9B07-E15B8BE40CE8}.Debug|x64.Build.0 = Debug|Any CPU
		{7B4F9BFC-B550-40B8-9B07-E15B8BE40CE8}.Debug|x86.ActiveCfg = Debug|Any CPU
		{7B4F9BFC-B550-40B8-9B07-E15B8BE40CE8}.Debug|x86.Build.0 = Debug|Any CPU
		{7B4F9BFC-B550-40B8-9B07-E15B8BE40CE8}.Release|Any CPU.ActiveCfg = Release|Any CPU
		{7B4F9BFC-B550-40B8-9B07-E15B8BE40CE8}.Release|Any CPU.Build.0 = Release|Any CPU
		{7B4F9BFC-B550-40B8-9B07-E15B8BE40CE8}.Release|x64.ActiveCfg = Release|Any CPU
		{7B4F9BFC-B550-40B8-9B07-E15B8BE40CE8}.Release|x64.Build.0 = Release|Any CPU
		{7B4F9BFC-B550-40B8-9B07-E15B8BE40CE8}.Release|x86.ActiveCfg = Release|Any CPU
		{7B4F9BFC-B550-40B8-9B07-E15B8BE40CE8}.Release|x86.Build.0 = Release|Any CPU
		{F43BAC19-FDDF-4696-9456-11C581C18BB8}.Debug|Any CPU.ActiveCfg = Debug|Any CPU
		{F43BAC19-FDDF-4696-9456-11C581C18BB8}.Debug|Any CPU.Build.0 = Debug|Any CPU
		{F43BAC19-FDDF-4696-9456-11C581C18BB8}.Debug|x64.ActiveCfg = Debug|Any CPU
		{F43BAC19-FDDF-4696-9456-11C581C18BB8}.Debug|x64.Build.0 = Debug|Any CPU
		{F43BAC19-FDDF-4696-9456-11C581C18BB8}.Debug|x86.ActiveCfg = Debug|Any CPU
		{F43BAC19-FDDF-4696-9456-11C581C18BB8}.Debug|x86.Build.0 = Debug|Any CPU
		{F43BAC19-FDDF-4696-9456-11C581C18BB8}.Release|Any CPU.ActiveCfg = Release|Any CPU
		{F43BAC19-FDDF-4696-9456-11C581C18BB8}.Release|Any CPU.Build.0 = Release|Any CPU
		{F43BAC19-FDDF-4696-9456-11C581C18BB8}.Release|x64.ActiveCfg = Release|Any CPU
		{F43BAC19-FDDF-4696-9456-11C581C18BB8}.Release|x64.Build.0 = Release|Any CPU
		{F43BAC19-FDDF-4696-9456-11C581C18BB8}.Release|x86.ActiveCfg = Release|Any CPU
		{F43BAC19-FDDF-4696-9456-11C581C18BB8}.Release|x86.Build.0 = Release|Any CPU
		{162727A1-E733-44B0-944E-DAC1C0CE3B44}.Debug|Any CPU.ActiveCfg = Debug|Any CPU
		{162727A1-E733-44B0-944E-DAC1C0CE3B44}.Debug|Any CPU.Build.0 = Debug|Any CPU
		{162727A1-E733-44B0-944E-DAC1C0CE3B44}.Debug|x64.ActiveCfg = Debug|Any CPU
		{162727A1-E733-44B0-944E-DAC1C0CE3B44}.Debug|x64.Build.0 = Debug|Any CPU
		{162727A1-E733-44B0-944E-DAC1C0CE3B44}.Debug|x86.ActiveCfg = Debug|Any CPU
		{162727A1-E733-44B0-944E-DAC1C0CE3B44}.Debug|x86.Build.0 = Debug|Any CPU
		{162727A1-E733-44B0-944E-DAC1C0CE3B44}.Release|Any CPU.ActiveCfg = Release|Any CPU
		{162727A1-E733-44B0-944E-DAC1C0CE3B44}.Release|Any CPU.Build.0 = Release|Any CPU
		{162727A1-E733-44B0-944E-DAC1C0CE3B44}.Release|x64.ActiveCfg = Release|Any CPU
		{162727A1-E733-44B0-944E-DAC1C0CE3B44}.Release|x64.Build.0 = Release|Any CPU
		{162727A1-E733-44B0-944E-DAC1C0CE3B44}.Release|x86.ActiveCfg = Release|Any CPU
		{162727A1-E733-44B0-944E-DAC1C0CE3B44}.Release|x86.Build.0 = Release|Any CPU
		{E23EEDB9-ED1F-434E-AC06-4D6A01F82742}.Debug|Any CPU.ActiveCfg = Debug|Any CPU
		{E23EEDB9-ED1F-434E-AC06-4D6A01F82742}.Debug|Any CPU.Build.0 = Debug|Any CPU
		{E23EEDB9-ED1F-434E-AC06-4D6A01F82742}.Debug|x64.ActiveCfg = Debug|Any CPU
		{E23EEDB9-ED1F-434E-AC06-4D6A01F82742}.Debug|x64.Build.0 = Debug|Any CPU
		{E23EEDB9-ED1F-434E-AC06-4D6A01F82742}.Debug|x86.ActiveCfg = Debug|Any CPU
		{E23EEDB9-ED1F-434E-AC06-4D6A01F82742}.Debug|x86.Build.0 = Debug|Any CPU
		{E23EEDB9-ED1F-434E-AC06-4D6A01F82742}.Release|Any CPU.ActiveCfg = Release|Any CPU
		{E23EEDB9-ED1F-434E-AC06-4D6A01F82742}.Release|Any CPU.Build.0 = Release|Any CPU
		{E23EEDB9-ED1F-434E-AC06-4D6A01F82742}.Release|x64.ActiveCfg = Release|Any CPU
		{E23EEDB9-ED1F-434E-AC06-4D6A01F82742}.Release|x64.Build.0 = Release|Any CPU
		{E23EEDB9-ED1F-434E-AC06-4D6A01F82742}.Release|x86.ActiveCfg = Release|Any CPU
		{E23EEDB9-ED1F-434E-AC06-4D6A01F82742}.Release|x86.Build.0 = Release|Any CPU
		{F5736627-F607-4A3A-8914-E0CFEC73C851}.Debug|Any CPU.ActiveCfg = Debug|Any CPU
		{F5736627-F607-4A3A-8914-E0CFEC73C851}.Debug|Any CPU.Build.0 = Debug|Any CPU
		{F5736627-F607-4A3A-8914-E0CFEC73C851}.Debug|x64.ActiveCfg = Debug|Any CPU
		{F5736627-F607-4A3A-8914-E0CFEC73C851}.Debug|x64.Build.0 = Debug|Any CPU
		{F5736627-F607-4A3A-8914-E0CFEC73C851}.Debug|x86.ActiveCfg = Debug|Any CPU
		{F5736627-F607-4A3A-8914-E0CFEC73C851}.Debug|x86.Build.0 = Debug|Any CPU
		{F5736627-F607-4A3A-8914-E0CFEC73C851}.Release|Any CPU.ActiveCfg = Release|Any CPU
		{F5736627-F607-4A3A-8914-E0CFEC73C851}.Release|Any CPU.Build.0 = Release|Any CPU
		{F5736627-F607-4A3A-8914-E0CFEC73C851}.Release|x64.ActiveCfg = Release|Any CPU
		{F5736627-F607-4A3A-8914-E0CFEC73C851}.Release|x64.Build.0 = Release|Any CPU
		{F5736627-F607-4A3A-8914-E0CFEC73C851}.Release|x86.ActiveCfg = Release|Any CPU
		{F5736627-F607-4A3A-8914-E0CFEC73C851}.Release|x86.Build.0 = Release|Any CPU
		{42E48488-6E2B-4D8E-85C9-4A2993AB68B2}.Debug|Any CPU.ActiveCfg = Debug|Any CPU
		{42E48488-6E2B-4D8E-85C9-4A2993AB68B2}.Debug|Any CPU.Build.0 = Debug|Any CPU
		{42E48488-6E2B-4D8E-85C9-4A2993AB68B2}.Debug|x64.ActiveCfg = Debug|Any CPU
		{42E48488-6E2B-4D8E-85C9-4A2993AB68B2}.Debug|x64.Build.0 = Debug|Any CPU
		{42E48488-6E2B-4D8E-85C9-4A2993AB68B2}.Debug|x86.ActiveCfg = Debug|Any CPU
		{42E48488-6E2B-4D8E-85C9-4A2993AB68B2}.Debug|x86.Build.0 = Debug|Any CPU
		{42E48488-6E2B-4D8E-85C9-4A2993AB68B2}.Release|Any CPU.ActiveCfg = Release|Any CPU
		{42E48488-6E2B-4D8E-85C9-4A2993AB68B2}.Release|Any CPU.Build.0 = Release|Any CPU
		{42E48488-6E2B-4D8E-85C9-4A2993AB68B2}.Release|x64.ActiveCfg = Release|Any CPU
		{42E48488-6E2B-4D8E-85C9-4A2993AB68B2}.Release|x64.Build.0 = Release|Any CPU
		{42E48488-6E2B-4D8E-85C9-4A2993AB68B2}.Release|x86.ActiveCfg = Release|Any CPU
		{42E48488-6E2B-4D8E-85C9-4A2993AB68B2}.Release|x86.Build.0 = Release|Any CPU
		{9A71D8FC-EC16-4E56-AD4C-D78BA1C22C83}.Debug|Any CPU.ActiveCfg = Debug|Any CPU
		{9A71D8FC-EC16-4E56-AD4C-D78BA1C22C83}.Debug|Any CPU.Build.0 = Debug|Any CPU
		{9A71D8FC-EC16-4E56-AD4C-D78BA1C22C83}.Debug|x64.ActiveCfg = Debug|Any CPU
		{9A71D8FC-EC16-4E56-AD4C-D78BA1C22C83}.Debug|x64.Build.0 = Debug|Any CPU
		{9A71D8FC-EC16-4E56-AD4C-D78BA1C22C83}.Debug|x86.ActiveCfg = Debug|Any CPU
		{9A71D8FC-EC16-4E56-AD4C-D78BA1C22C83}.Debug|x86.Build.0 = Debug|Any CPU
		{9A71D8FC-EC16-4E56-AD4C-D78BA1C22C83}.Release|Any CPU.ActiveCfg = Release|Any CPU
		{9A71D8FC-EC16-4E56-AD4C-D78BA1C22C83}.Release|Any CPU.Build.0 = Release|Any CPU
		{9A71D8FC-EC16-4E56-AD4C-D78BA1C22C83}.Release|x64.ActiveCfg = Release|Any CPU
		{9A71D8FC-EC16-4E56-AD4C-D78BA1C22C83}.Release|x64.Build.0 = Release|Any CPU
		{9A71D8FC-EC16-4E56-AD4C-D78BA1C22C83}.Release|x86.ActiveCfg = Release|Any CPU
		{9A71D8FC-EC16-4E56-AD4C-D78BA1C22C83}.Release|x86.Build.0 = Release|Any CPU
		{306BCD16-00E0-46CA-B5CC-64AAC33CC810}.Debug|Any CPU.ActiveCfg = Debug|Any CPU
		{306BCD16-00E0-46CA-B5CC-64AAC33CC810}.Debug|Any CPU.Build.0 = Debug|Any CPU
		{306BCD16-00E0-46CA-B5CC-64AAC33CC810}.Debug|x64.ActiveCfg = Debug|Any CPU
		{306BCD16-00E0-46CA-B5CC-64AAC33CC810}.Debug|x64.Build.0 = Debug|Any CPU
		{306BCD16-00E0-46CA-B5CC-64AAC33CC810}.Debug|x86.ActiveCfg = Debug|Any CPU
		{306BCD16-00E0-46CA-B5CC-64AAC33CC810}.Debug|x86.Build.0 = Debug|Any CPU
		{306BCD16-00E0-46CA-B5CC-64AAC33CC810}.Release|Any CPU.ActiveCfg = Release|Any CPU
		{306BCD16-00E0-46CA-B5CC-64AAC33CC810}.Release|Any CPU.Build.0 = Release|Any CPU
		{306BCD16-00E0-46CA-B5CC-64AAC33CC810}.Release|x64.ActiveCfg = Release|Any CPU
		{306BCD16-00E0-46CA-B5CC-64AAC33CC810}.Release|x64.Build.0 = Release|Any CPU
		{306BCD16-00E0-46CA-B5CC-64AAC33CC810}.Release|x86.ActiveCfg = Release|Any CPU
		{306BCD16-00E0-46CA-B5CC-64AAC33CC810}.Release|x86.Build.0 = Release|Any CPU
		{36E75AAA-C2EB-4209-8455-A51676D16B76}.Debug|Any CPU.ActiveCfg = Debug|Any CPU
		{36E75AAA-C2EB-4209-8455-A51676D16B76}.Debug|Any CPU.Build.0 = Debug|Any CPU
		{36E75AAA-C2EB-4209-8455-A51676D16B76}.Debug|x64.ActiveCfg = Debug|Any CPU
		{36E75AAA-C2EB-4209-8455-A51676D16B76}.Debug|x64.Build.0 = Debug|Any CPU
		{36E75AAA-C2EB-4209-8455-A51676D16B76}.Debug|x86.ActiveCfg = Debug|Any CPU
		{36E75AAA-C2EB-4209-8455-A51676D16B76}.Debug|x86.Build.0 = Debug|Any CPU
		{36E75AAA-C2EB-4209-8455-A51676D16B76}.Release|Any CPU.ActiveCfg = Release|Any CPU
		{36E75AAA-C2EB-4209-8455-A51676D16B76}.Release|Any CPU.Build.0 = Release|Any CPU
		{36E75AAA-C2EB-4209-8455-A51676D16B76}.Release|x64.ActiveCfg = Release|Any CPU
		{36E75AAA-C2EB-4209-8455-A51676D16B76}.Release|x64.Build.0 = Release|Any CPU
		{36E75AAA-C2EB-4209-8455-A51676D16B76}.Release|x86.ActiveCfg = Release|Any CPU
		{36E75AAA-C2EB-4209-8455-A51676D16B76}.Release|x86.Build.0 = Release|Any CPU
	EndGlobalSection
	GlobalSection(NestedProjects) = preSolution
		{0B3EAFB3-3C0F-441B-809F-2659BD6B7E72} = {BE943138-D5D9-46D6-9B7C-76C73A552274}
		{C5038D3E-CEC7-462A-AAA0-05A5E3282E8A} = {BE943138-D5D9-46D6-9B7C-76C73A552274}
		{C0C1F320-A807-424E-B18D-72E0EC911524} = {BE943138-D5D9-46D6-9B7C-76C73A552274}
		{7B4F9BFC-B550-40B8-9B07-E15B8BE40CE8} = {2BD83045-B484-46F5-AA53-D2CE4A323035}
		{F43BAC19-FDDF-4696-9456-11C581C18BB8} = {2BD83045-B484-46F5-AA53-D2CE4A323035}
		{162727A1-E733-44B0-944E-DAC1C0CE3B44} = {2BD83045-B484-46F5-AA53-D2CE4A323035}
		{E23EEDB9-ED1F-434E-AC06-4D6A01F82742} = {5DDA7CD4-B6ED-4AA8-A5F4-DD64C1154E86}
		{F5736627-F607-4A3A-8914-E0CFEC73C851} = {5DDA7CD4-B6ED-4AA8-A5F4-DD64C1154E86}
		{42E48488-6E2B-4D8E-85C9-4A2993AB68B2} = {5DDA7CD4-B6ED-4AA8-A5F4-DD64C1154E86}
	EndGlobalSection
EndGlobal
