
Microsoft Visual Studio Solution File, Format Version 12.00
# Visual Studio Version 16
VisualStudioVersion = 16.0.30114.105
MinimumVisualStudioVersion = 10.0.40219.1
Project("{FAE04EC0-301F-11D3-BF4B-00C04F79EFBC}") = "Cleipnir.ResilientFunctions", "Cleipnir.ResilientFunctions\Cleipnir.ResilientFunctions.csproj", "{F2208A79-0D96-4A0C-8858-AC402AA3202D}"
EndProject
Project("{FAE04EC0-301F-11D3-BF4B-00C04F79EFBC}") = "Cleipnir.ResilientFunctions.Tests", "Cleipnir.ResilientFunctions.Tests\Cleipnir.ResilientFunctions.Tests.csproj", "{67ED04F4-026E-41F3-9D21-37458388804F}"
EndProject
Project("{FAE04EC0-301F-11D3-BF4B-00C04F79EFBC}") = "Cleipnir.ResilientFunctions.SqlServer", "Cleipnir.ResilientFunctions.SqlServer\Cleipnir.ResilientFunctions.SqlServer.csproj", "{DFD4A691-EFEB-482E-A950-6791520EDF55}"
EndProject
Project("{2150E333-8FDC-42A3-9474-1A3956D46DE8}") = "SqlServer", "SqlServer", "{5DDA7CD4-B6ED-4AA8-A5F4-DD64C1154E86}"
EndProject
Project("{FAE04EC0-301F-11D3-BF4B-00C04F79EFBC}") = "Cleipnir.ResilientFunctions.SqlServer.Tests", "Cleipnir.ResilientFunctions.SqlServer.Tests\Cleipnir.ResilientFunctions.SqlServer.Tests.csproj", "{3CCA92D1-C09C-420D-B0AF-CE7C62D4CFE8}"
EndProject
Project("{2150E333-8FDC-42A3-9474-1A3956D46DE8}") = "Samples", "Samples", "{BE943138-D5D9-46D6-9B7C-76C73A552274}"
EndProject
Project("{FAE04EC0-301F-11D3-BF4B-00C04F79EFBC}") = "Sample.ConsoleApp", "Samples\Sample.ConsoleApp\Sample.ConsoleApp.csproj", "{0B3EAFB3-3C0F-441B-809F-2659BD6B7E72}"
EndProject
Project("{FAE04EC0-301F-11D3-BF4B-00C04F79EFBC}") = "Cleipnir.ResilientFunctions.AspNetCore", "Cleipnir.ResilientFunctions.AspNetCore\Cleipnir.ResilientFunctions.AspNetCore.csproj", "{1AB2E836-3809-434C-97A3-A9E76E5E6CE0}"
EndProject
Project("{FAE04EC0-301F-11D3-BF4B-00C04F79EFBC}") = "Sample.WebApi", "Samples\Sample.WebApi\Sample.WebApi.csproj", "{C5038D3E-CEC7-462A-AAA0-05A5E3282E8A}"
EndProject
Project("{FAE04EC0-301F-11D3-BF4B-00C04F79EFBC}") = "Sample.Pod", "Samples\Sample.Pod\Sample.Pod.csproj", "{C0C1F320-A807-424E-B18D-72E0EC911524}"
EndProject
Global
	GlobalSection(SolutionConfigurationPlatforms) = preSolution
		Debug|Any CPU = Debug|Any CPU
		Debug|x64 = Debug|x64
		Debug|x86 = Debug|x86
		Release|Any CPU = Release|Any CPU
		Release|x64 = Release|x64
		Release|x86 = Release|x86
	EndGlobalSection
	GlobalSection(SolutionProperties) = preSolution
		HideSolutionNode = FALSE
	EndGlobalSection
	GlobalSection(ProjectConfigurationPlatforms) = postSolution
		{F2208A79-0D96-4A0C-8858-AC402AA3202D}.Debug|Any CPU.ActiveCfg = Debug|Any CPU
		{F2208A79-0D96-4A0C-8858-AC402AA3202D}.Debug|Any CPU.Build.0 = Debug|Any CPU
		{F2208A79-0D96-4A0C-8858-AC402AA3202D}.Debug|x64.ActiveCfg = Debug|Any CPU
		{F2208A79-0D96-4A0C-8858-AC402AA3202D}.Debug|x64.Build.0 = Debug|Any CPU
		{F2208A79-0D96-4A0C-8858-AC402AA3202D}.Debug|x86.ActiveCfg = Debug|Any CPU
		{F2208A79-0D96-4A0C-8858-AC402AA3202D}.Debug|x86.Build.0 = Debug|Any CPU
		{F2208A79-0D96-4A0C-8858-AC402AA3202D}.Release|Any CPU.ActiveCfg = Release|Any CPU
		{F2208A79-0D96-4A0C-8858-AC402AA3202D}.Release|Any CPU.Build.0 = Release|Any CPU
		{F2208A79-0D96-4A0C-8858-AC402AA3202D}.Release|x64.ActiveCfg = Release|Any CPU
		{F2208A79-0D96-4A0C-8858-AC402AA3202D}.Release|x64.Build.0 = Release|Any CPU
		{F2208A79-0D96-4A0C-8858-AC402AA3202D}.Release|x86.ActiveCfg = Release|Any CPU
		{F2208A79-0D96-4A0C-8858-AC402AA3202D}.Release|x86.Build.0 = Release|Any CPU
		{67ED04F4-026E-41F3-9D21-37458388804F}.Debug|Any CPU.ActiveCfg = Debug|Any CPU
		{67ED04F4-026E-41F3-9D21-37458388804F}.Debug|Any CPU.Build.0 = Debug|Any CPU
		{67ED04F4-026E-41F3-9D21-37458388804F}.Debug|x64.ActiveCfg = Debug|Any CPU
		{67ED04F4-026E-41F3-9D21-37458388804F}.Debug|x64.Build.0 = Debug|Any CPU
		{67ED04F4-026E-41F3-9D21-37458388804F}.Debug|x86.ActiveCfg = Debug|Any CPU
		{67ED04F4-026E-41F3-9D21-37458388804F}.Debug|x86.Build.0 = Debug|Any CPU
		{67ED04F4-026E-41F3-9D21-37458388804F}.Release|Any CPU.ActiveCfg = Release|Any CPU
		{67ED04F4-026E-41F3-9D21-37458388804F}.Release|Any CPU.Build.0 = Release|Any CPU
		{67ED04F4-026E-41F3-9D21-37458388804F}.Release|x64.ActiveCfg = Release|Any CPU
		{67ED04F4-026E-41F3-9D21-37458388804F}.Release|x64.Build.0 = Release|Any CPU
		{67ED04F4-026E-41F3-9D21-37458388804F}.Release|x86.ActiveCfg = Release|Any CPU
		{67ED04F4-026E-41F3-9D21-37458388804F}.Release|x86.Build.0 = Release|Any CPU
		{DFD4A691-EFEB-482E-A950-6791520EDF55}.Debug|Any CPU.ActiveCfg = Debug|Any CPU
		{DFD4A691-EFEB-482E-A950-6791520EDF55}.Debug|Any CPU.Build.0 = Debug|Any CPU
		{DFD4A691-EFEB-482E-A950-6791520EDF55}.Debug|x64.ActiveCfg = Debug|Any CPU
		{DFD4A691-EFEB-482E-A950-6791520EDF55}.Debug|x64.Build.0 = Debug|Any CPU
		{DFD4A691-EFEB-482E-A950-6791520EDF55}.Debug|x86.ActiveCfg = Debug|Any CPU
		{DFD4A691-EFEB-482E-A950-6791520EDF55}.Debug|x86.Build.0 = Debug|Any CPU
		{DFD4A691-EFEB-482E-A950-6791520EDF55}.Release|Any CPU.ActiveCfg = Release|Any CPU
		{DFD4A691-EFEB-482E-A950-6791520EDF55}.Release|Any CPU.Build.0 = Release|Any CPU
		{DFD4A691-EFEB-482E-A950-6791520EDF55}.Release|x64.ActiveCfg = Release|Any CPU
		{DFD4A691-EFEB-482E-A950-6791520EDF55}.Release|x64.Build.0 = Release|Any CPU
		{DFD4A691-EFEB-482E-A950-6791520EDF55}.Release|x86.ActiveCfg = Release|Any CPU
		{DFD4A691-EFEB-482E-A950-6791520EDF55}.Release|x86.Build.0 = Release|Any CPU
		{3CCA92D1-C09C-420D-B0AF-CE7C62D4CFE8}.Debug|Any CPU.ActiveCfg = Debug|Any CPU
		{3CCA92D1-C09C-420D-B0AF-CE7C62D4CFE8}.Debug|Any CPU.Build.0 = Debug|Any CPU
		{3CCA92D1-C09C-420D-B0AF-CE7C62D4CFE8}.Debug|x64.ActiveCfg = Debug|Any CPU
		{3CCA92D1-C09C-420D-B0AF-CE7C62D4CFE8}.Debug|x64.Build.0 = Debug|Any CPU
		{3CCA92D1-C09C-420D-B0AF-CE7C62D4CFE8}.Debug|x86.ActiveCfg = Debug|Any CPU
		{3CCA92D1-C09C-420D-B0AF-CE7C62D4CFE8}.Debug|x86.Build.0 = Debug|Any CPU
		{3CCA92D1-C09C-420D-B0AF-CE7C62D4CFE8}.Release|Any CPU.ActiveCfg = Release|Any CPU
		{3CCA92D1-C09C-420D-B0AF-CE7C62D4CFE8}.Release|Any CPU.Build.0 = Release|Any CPU
		{3CCA92D1-C09C-420D-B0AF-CE7C62D4CFE8}.Release|x64.ActiveCfg = Release|Any CPU
		{3CCA92D1-C09C-420D-B0AF-CE7C62D4CFE8}.Release|x64.Build.0 = Release|Any CPU
		{3CCA92D1-C09C-420D-B0AF-CE7C62D4CFE8}.Release|x86.ActiveCfg = Release|Any CPU
		{3CCA92D1-C09C-420D-B0AF-CE7C62D4CFE8}.Release|x86.Build.0 = Release|Any CPU
		{0B3EAFB3-3C0F-441B-809F-2659BD6B7E72}.Debug|Any CPU.ActiveCfg = Debug|Any CPU
		{0B3EAFB3-3C0F-441B-809F-2659BD6B7E72}.Debug|Any CPU.Build.0 = Debug|Any CPU
		{0B3EAFB3-3C0F-441B-809F-2659BD6B7E72}.Debug|x64.ActiveCfg = Debug|Any CPU
		{0B3EAFB3-3C0F-441B-809F-2659BD6B7E72}.Debug|x64.Build.0 = Debug|Any CPU
		{0B3EAFB3-3C0F-441B-809F-2659BD6B7E72}.Debug|x86.ActiveCfg = Debug|Any CPU
		{0B3EAFB3-3C0F-441B-809F-2659BD6B7E72}.Debug|x86.Build.0 = Debug|Any CPU
		{0B3EAFB3-3C0F-441B-809F-2659BD6B7E72}.Release|Any CPU.ActiveCfg = Release|Any CPU
		{0B3EAFB3-3C0F-441B-809F-2659BD6B7E72}.Release|Any CPU.Build.0 = Release|Any CPU
		{0B3EAFB3-3C0F-441B-809F-2659BD6B7E72}.Release|x64.ActiveCfg = Release|Any CPU
		{0B3EAFB3-3C0F-441B-809F-2659BD6B7E72}.Release|x64.Build.0 = Release|Any CPU
		{0B3EAFB3-3C0F-441B-809F-2659BD6B7E72}.Release|x86.ActiveCfg = Release|Any CPU
		{0B3EAFB3-3C0F-441B-809F-2659BD6B7E72}.Release|x86.Build.0 = Release|Any CPU
		{1AB2E836-3809-434C-97A3-A9E76E5E6CE0}.Debug|Any CPU.ActiveCfg = Debug|Any CPU
		{1AB2E836-3809-434C-97A3-A9E76E5E6CE0}.Debug|Any CPU.Build.0 = Debug|Any CPU
		{1AB2E836-3809-434C-97A3-A9E76E5E6CE0}.Debug|x64.ActiveCfg = Debug|Any CPU
		{1AB2E836-3809-434C-97A3-A9E76E5E6CE0}.Debug|x64.Build.0 = Debug|Any CPU
		{1AB2E836-3809-434C-97A3-A9E76E5E6CE0}.Debug|x86.ActiveCfg = Debug|Any CPU
		{1AB2E836-3809-434C-97A3-A9E76E5E6CE0}.Debug|x86.Build.0 = Debug|Any CPU
		{1AB2E836-3809-434C-97A3-A9E76E5E6CE0}.Release|Any CPU.ActiveCfg = Release|Any CPU
		{1AB2E836-3809-434C-97A3-A9E76E5E6CE0}.Release|Any CPU.Build.0 = Release|Any CPU
		{1AB2E836-3809-434C-97A3-A9E76E5E6CE0}.Release|x64.ActiveCfg = Release|Any CPU
		{1AB2E836-3809-434C-97A3-A9E76E5E6CE0}.Release|x64.Build.0 = Release|Any CPU
		{1AB2E836-3809-434C-97A3-A9E76E5E6CE0}.Release|x86.ActiveCfg = Release|Any CPU
		{1AB2E836-3809-434C-97A3-A9E76E5E6CE0}.Release|x86.Build.0 = Release|Any CPU
		{C5038D3E-CEC7-462A-AAA0-05A5E3282E8A}.Debug|Any CPU.ActiveCfg = Debug|Any CPU
		{C5038D3E-CEC7-462A-AAA0-05A5E3282E8A}.Debug|Any CPU.Build.0 = Debug|Any CPU
		{C5038D3E-CEC7-462A-AAA0-05A5E3282E8A}.Debug|x64.ActiveCfg = Debug|Any CPU
		{C5038D3E-CEC7-462A-AAA0-05A5E3282E8A}.Debug|x64.Build.0 = Debug|Any CPU
		{C5038D3E-CEC7-462A-AAA0-05A5E3282E8A}.Debug|x86.ActiveCfg = Debug|Any CPU
		{C5038D3E-CEC7-462A-AAA0-05A5E3282E8A}.Debug|x86.Build.0 = Debug|Any CPU
		{C5038D3E-CEC7-462A-AAA0-05A5E3282E8A}.Release|Any CPU.ActiveCfg = Release|Any CPU
		{C5038D3E-CEC7-462A-AAA0-05A5E3282E8A}.Release|Any CPU.Build.0 = Release|Any CPU
		{C5038D3E-CEC7-462A-AAA0-05A5E3282E8A}.Release|x64.ActiveCfg = Release|Any CPU
		{C5038D3E-CEC7-462A-AAA0-05A5E3282E8A}.Release|x64.Build.0 = Release|Any CPU
		{C5038D3E-CEC7-462A-AAA0-05A5E3282E8A}.Release|x86.ActiveCfg = Release|Any CPU
		{C5038D3E-CEC7-462A-AAA0-05A5E3282E8A}.Release|x86.Build.0 = Release|Any CPU
		{C0C1F320-A807-424E-B18D-72E0EC911524}.Debug|Any CPU.ActiveCfg = Debug|Any CPU
		{C0C1F320-A807-424E-B18D-72E0EC911524}.Debug|Any CPU.Build.0 = Debug|Any CPU
		{C0C1F320-A807-424E-B18D-72E0EC911524}.Debug|x64.ActiveCfg = Debug|Any CPU
		{C0C1F320-A807-424E-B18D-72E0EC911524}.Debug|x64.Build.0 = Debug|Any CPU
		{C0C1F320-A807-424E-B18D-72E0EC911524}.Debug|x86.ActiveCfg = Debug|Any CPU
		{C0C1F320-A807-424E-B18D-72E0EC911524}.Debug|x86.Build.0 = Debug|Any CPU
		{C0C1F320-A807-424E-B18D-72E0EC911524}.Release|Any CPU.ActiveCfg = Release|Any CPU
		{C0C1F320-A807-424E-B18D-72E0EC911524}.Release|Any CPU.Build.0 = Release|Any CPU
		{C0C1F320-A807-424E-B18D-72E0EC911524}.Release|x64.ActiveCfg = Release|Any CPU
		{C0C1F320-A807-424E-B18D-72E0EC911524}.Release|x64.Build.0 = Release|Any CPU
		{C0C1F320-A807-424E-B18D-72E0EC911524}.Release|x86.ActiveCfg = Release|Any CPU
		{C0C1F320-A807-424E-B18D-72E0EC911524}.Release|x86.Build.0 = Release|Any CPU
	EndGlobalSection
	GlobalSection(NestedProjects) = preSolution
		{DFD4A691-EFEB-482E-A950-6791520EDF55} = {5DDA7CD4-B6ED-4AA8-A5F4-DD64C1154E86}
		{3CCA92D1-C09C-420D-B0AF-CE7C62D4CFE8} = {5DDA7CD4-B6ED-4AA8-A5F4-DD64C1154E86}
		{0B3EAFB3-3C0F-441B-809F-2659BD6B7E72} = {BE943138-D5D9-46D6-9B7C-76C73A552274}
		{C5038D3E-CEC7-462A-AAA0-05A5E3282E8A} = {BE943138-D5D9-46D6-9B7C-76C73A552274}
		{C0C1F320-A807-424E-B18D-72E0EC911524} = {BE943138-D5D9-46D6-9B7C-76C73A552274}
	EndGlobalSection
EndGlobal
